
Microsoft Visual Studio Solution File, Format Version 12.00
# Visual Studio Version 16
VisualStudioVersion = 16.0.30320.27
MinimumVisualStudioVersion = 15.0.26124.0
Project("{9A19103F-16F7-4668-BE54-9A1E7A4F7556}") = "LeaderAnalytics.Vyntix.Web", "leaderanalytics.vyntix.web\LeaderAnalytics.Vyntix.Web.csproj", "{C05E1074-2626-492F-AD8E-DD89CB29F592}"
EndProject
Project("{FAE04EC0-301F-11D3-BF4B-00C04F79EFBC}") = "LeaderAnalytics.Vyntix.Web.Tests", "LeaderAnalytics.Vyntix.Web.Tests\LeaderAnalytics.Vyntix.Web.Tests.csproj", "{47ED7520-D6D4-4CE9-83C0-EE8BA1764D89}"
EndProject
Global
	GlobalSection(SolutionConfigurationPlatforms) = preSolution
		Debug|Any CPU = Debug|Any CPU
		Debug|x64 = Debug|x64
		Debug|x86 = Debug|x86
		Release|Any CPU = Release|Any CPU
		Release|x64 = Release|x64
		Release|x86 = Release|x86
	EndGlobalSection
	GlobalSection(ProjectConfigurationPlatforms) = postSolution
		{C05E1074-2626-492F-AD8E-DD89CB29F592}.Debug|Any CPU.ActiveCfg = Debug|Any CPU
		{C05E1074-2626-492F-AD8E-DD89CB29F592}.Debug|Any CPU.Build.0 = Debug|Any CPU
		{C05E1074-2626-492F-AD8E-DD89CB29F592}.Debug|x64.ActiveCfg = Debug|Any CPU
		{C05E1074-2626-492F-AD8E-DD89CB29F592}.Debug|x64.Build.0 = Debug|Any CPU
		{C05E1074-2626-492F-AD8E-DD89CB29F592}.Debug|x86.ActiveCfg = Debug|Any CPU
		{C05E1074-2626-492F-AD8E-DD89CB29F592}.Debug|x86.Build.0 = Debug|Any CPU
		{C05E1074-2626-492F-AD8E-DD89CB29F592}.Release|Any CPU.ActiveCfg = Release|Any CPU
		{C05E1074-2626-492F-AD8E-DD89CB29F592}.Release|Any CPU.Build.0 = Release|Any CPU
		{C05E1074-2626-492F-AD8E-DD89CB29F592}.Release|x64.ActiveCfg = Release|Any CPU
		{C05E1074-2626-492F-AD8E-DD89CB29F592}.Release|x64.Build.0 = Release|Any CPU
		{C05E1074-2626-492F-AD8E-DD89CB29F592}.Release|x86.ActiveCfg = Release|Any CPU
		{C05E1074-2626-492F-AD8E-DD89CB29F592}.Release|x86.Build.0 = Release|Any CPU
		{47ED7520-D6D4-4CE9-83C0-EE8BA1764D89}.Debug|Any CPU.ActiveCfg = Debug|Any CPU
		{47ED7520-D6D4-4CE9-83C0-EE8BA1764D89}.Debug|Any CPU.Build.0 = Debug|Any CPU
		{47ED7520-D6D4-4CE9-83C0-EE8BA1764D89}.Debug|x64.ActiveCfg = Debug|Any CPU
		{47ED7520-D6D4-4CE9-83C0-EE8BA1764D89}.Debug|x64.Build.0 = Debug|Any CPU
		{47ED7520-D6D4-4CE9-83C0-EE8BA1764D89}.Debug|x86.ActiveCfg = Debug|Any CPU
		{47ED7520-D6D4-4CE9-83C0-EE8BA1764D89}.Debug|x86.Build.0 = Debug|Any CPU
		{47ED7520-D6D4-4CE9-83C0-EE8BA1764D89}.Release|Any CPU.ActiveCfg = Release|Any CPU
		{47ED7520-D6D4-4CE9-83C0-EE8BA1764D89}.Release|Any CPU.Build.0 = Release|Any CPU
		{47ED7520-D6D4-4CE9-83C0-EE8BA1764D89}.Release|x64.ActiveCfg = Release|Any CPU
		{47ED7520-D6D4-4CE9-83C0-EE8BA1764D89}.Release|x64.Build.0 = Release|Any CPU
		{47ED7520-D6D4-4CE9-83C0-EE8BA1764D89}.Release|x86.ActiveCfg = Release|Any CPU
		{47ED7520-D6D4-4CE9-83C0-EE8BA1764D89}.Release|x86.Build.0 = Release|Any CPU
	EndGlobalSection
	GlobalSection(SolutionProperties) = preSolution
		HideSolutionNode = FALSE
	EndGlobalSection
	GlobalSection(ExtensibilityGlobals) = postSolution
		SolutionGuid = {5F8D5B7C-3C0A-46F8-B904-1C70DEEBC377}
	EndGlobalSection
EndGlobal
